
Microsoft Visual Studio Solution File, Format Version 12.00
# Visual Studio Version 16
VisualStudioVersion = 25.0.1706.9
MinimumVisualStudioVersion = 10.0.40219.1
Project("{FAE04EC0-301F-11D3-BF4B-00C04F79EFBC}") = "week11_OO", "week11_OO\week11_OO.csproj", "{B675551D-432A-412F-A5E3-457CA0DD1123}"
EndProject
Global
	GlobalSection(SolutionConfigurationPlatforms) = preSolution
		Debug|Any CPU = Debug|Any CPU
		Release|Any CPU = Release|Any CPU
	EndGlobalSection
	GlobalSection(ProjectConfigurationPlatforms) = postSolution
		{B675551D-432A-412F-A5E3-457CA0DD1123}.Debug|Any CPU.ActiveCfg = Debug|Any CPU
		{B675551D-432A-412F-A5E3-457CA0DD1123}.Debug|Any CPU.Build.0 = Debug|Any CPU
		{B675551D-432A-412F-A5E3-457CA0DD1123}.Release|Any CPU.ActiveCfg = Release|Any CPU
		{B675551D-432A-412F-A5E3-457CA0DD1123}.Release|Any CPU.Build.0 = Release|Any CPU
	EndGlobalSection
	GlobalSection(SolutionProperties) = preSolution
		HideSolutionNode = FALSE
	EndGlobalSection
	GlobalSection(ExtensibilityGlobals) = postSolution
		SolutionGuid = {C2CE6846-8BAD-4576-90CE-156EBB71915E}
	EndGlobalSection
EndGlobal
