
Microsoft Visual Studio Solution File, Format Version 12.00
# Visual Studio Version 16
VisualStudioVersion = 25.0.1706.9
MinimumVisualStudioVersion = 10.0.40219.1
Project("{FAE04EC0-301F-11D3-BF4B-00C04F79EFBC}") = "week5_files_theory", "week5_files_theory\week5_files_theory.csproj", "{1469330D-5D91-4745-AD9E-43F6E218EF62}"
EndProject
Global
	GlobalSection(SolutionConfigurationPlatforms) = preSolution
		Debug|Any CPU = Debug|Any CPU
		Release|Any CPU = Release|Any CPU
	EndGlobalSection
	GlobalSection(ProjectConfigurationPlatforms) = postSolution
		{1469330D-5D91-4745-AD9E-43F6E218EF62}.Debug|Any CPU.ActiveCfg = Debug|Any CPU
		{1469330D-5D91-4745-AD9E-43F6E218EF62}.Debug|Any CPU.Build.0 = Debug|Any CPU
		{1469330D-5D91-4745-AD9E-43F6E218EF62}.Release|Any CPU.ActiveCfg = Release|Any CPU
		{1469330D-5D91-4745-AD9E-43F6E218EF62}.Release|Any CPU.Build.0 = Release|Any CPU
	EndGlobalSection
	GlobalSection(SolutionProperties) = preSolution
		HideSolutionNode = FALSE
	EndGlobalSection
	GlobalSection(ExtensibilityGlobals) = postSolution
		SolutionGuid = {922A5EA3-CF2B-49B1-925B-2F8B2D058964}
	EndGlobalSection
EndGlobal
