
Microsoft Visual Studio Solution File, Format Version 12.00
# Visual Studio Version 16
VisualStudioVersion = 25.0.1706.9
MinimumVisualStudioVersion = 10.0.40219.1
Project("{FAE04EC0-301F-11D3-BF4B-00C04F79EFBC}") = "week3_speed_camera", "week3_speed_camera\week3_speed_camera.csproj", "{AB92CB87-09FD-42B1-A598-65DD304DE7BF}"
EndProject
Global
	GlobalSection(SolutionConfigurationPlatforms) = preSolution
		Debug|Any CPU = Debug|Any CPU
		Release|Any CPU = Release|Any CPU
	EndGlobalSection
	GlobalSection(ProjectConfigurationPlatforms) = postSolution
		{AB92CB87-09FD-42B1-A598-65DD304DE7BF}.Debug|Any CPU.ActiveCfg = Debug|Any CPU
		{AB92CB87-09FD-42B1-A598-65DD304DE7BF}.Debug|Any CPU.Build.0 = Debug|Any CPU
		{AB92CB87-09FD-42B1-A598-65DD304DE7BF}.Release|Any CPU.ActiveCfg = Release|Any CPU
		{AB92CB87-09FD-42B1-A598-65DD304DE7BF}.Release|Any CPU.Build.0 = Release|Any CPU
	EndGlobalSection
	GlobalSection(SolutionProperties) = preSolution
		HideSolutionNode = FALSE
	EndGlobalSection
	GlobalSection(ExtensibilityGlobals) = postSolution
		SolutionGuid = {469D0CCA-7AAE-4355-8208-65AF1ABA478B}
	EndGlobalSection
EndGlobal
