
Microsoft Visual Studio Solution File, Format Version 12.00
# Visual Studio Version 16
VisualStudioVersion = 25.0.1706.9
MinimumVisualStudioVersion = 10.0.40219.1
Project("{FAE04EC0-301F-11D3-BF4B-00C04F79EFBC}") = "week5_files", "week5_files\week5_files.csproj", "{BF80CB6E-E146-4D3C-A80D-A9D3F056CCD6}"
EndProject
Global
	GlobalSection(SolutionConfigurationPlatforms) = preSolution
		Debug|Any CPU = Debug|Any CPU
		Release|Any CPU = Release|Any CPU
	EndGlobalSection
	GlobalSection(ProjectConfigurationPlatforms) = postSolution
		{BF80CB6E-E146-4D3C-A80D-A9D3F056CCD6}.Debug|Any CPU.ActiveCfg = Debug|Any CPU
		{BF80CB6E-E146-4D3C-A80D-A9D3F056CCD6}.Debug|Any CPU.Build.0 = Debug|Any CPU
		{BF80CB6E-E146-4D3C-A80D-A9D3F056CCD6}.Release|Any CPU.ActiveCfg = Release|Any CPU
		{BF80CB6E-E146-4D3C-A80D-A9D3F056CCD6}.Release|Any CPU.Build.0 = Release|Any CPU
	EndGlobalSection
	GlobalSection(SolutionProperties) = preSolution
		HideSolutionNode = FALSE
	EndGlobalSection
	GlobalSection(ExtensibilityGlobals) = postSolution
		SolutionGuid = {BBBE391F-B5A7-4306-92BA-F20B7435BE82}
	EndGlobalSection
EndGlobal
